
Microsoft Visual Studio Solution File, Format Version 12.00
# Visual Studio 15
VisualStudioVersion = 15.0.28307.1022
MinimumVisualStudioVersion = 10.0.40219.1
Project("{9A19103F-16F7-4668-BE54-9A1E7A4F7556}") = "CoursewareDev.API", "CoursewareDev.API\CoursewareDev.API.csproj", "{A9DC7B67-4AEB-42E9-9E0E-391621B01236}"
EndProject
Project("{FAE04EC0-301F-11D3-BF4B-00C04F79EFBC}") = "CoursewareDev.BLL", "CoursewareDev.BLL\CoursewareDev.BLL.csproj", "{F0BB1ACD-7FD1-4770-B914-9ECC63B08F4B}"
EndProject
Project("{FAE04EC0-301F-11D3-BF4B-00C04F79EFBC}") = "CoursewareDev.Common", "CoursewareDev.Common\CoursewareDev.Common.csproj", "{68E190E4-0C2B-4F99-ADA9-4E28918A0EF9}"
EndProject
Global
	GlobalSection(SolutionConfigurationPlatforms) = preSolution
		Debug|Any CPU = Debug|Any CPU
		Release|Any CPU = Release|Any CPU
	EndGlobalSection
	GlobalSection(ProjectConfigurationPlatforms) = postSolution
		{A9DC7B67-4AEB-42E9-9E0E-391621B01236}.Debug|Any CPU.ActiveCfg = Debug|Any CPU
		{A9DC7B67-4AEB-42E9-9E0E-391621B01236}.Debug|Any CPU.Build.0 = Debug|Any CPU
		{A9DC7B67-4AEB-42E9-9E0E-391621B01236}.Release|Any CPU.ActiveCfg = Release|Any CPU
		{A9DC7B67-4AEB-42E9-9E0E-391621B01236}.Release|Any CPU.Build.0 = Release|Any CPU
		{F0BB1ACD-7FD1-4770-B914-9ECC63B08F4B}.Debug|Any CPU.ActiveCfg = Debug|Any CPU
		{F0BB1ACD-7FD1-4770-B914-9ECC63B08F4B}.Debug|Any CPU.Build.0 = Debug|Any CPU
		{F0BB1ACD-7FD1-4770-B914-9ECC63B08F4B}.Release|Any CPU.ActiveCfg = Release|Any CPU
		{F0BB1ACD-7FD1-4770-B914-9ECC63B08F4B}.Release|Any CPU.Build.0 = Release|Any CPU
		{68E190E4-0C2B-4F99-ADA9-4E28918A0EF9}.Debug|Any CPU.ActiveCfg = Debug|Any CPU
		{68E190E4-0C2B-4F99-ADA9-4E28918A0EF9}.Debug|Any CPU.Build.0 = Debug|Any CPU
		{68E190E4-0C2B-4F99-ADA9-4E28918A0EF9}.Release|Any CPU.ActiveCfg = Release|Any CPU
		{68E190E4-0C2B-4F99-ADA9-4E28918A0EF9}.Release|Any CPU.Build.0 = Release|Any CPU
	EndGlobalSection
	GlobalSection(SolutionProperties) = preSolution
		HideSolutionNode = FALSE
	EndGlobalSection
	GlobalSection(ExtensibilityGlobals) = postSolution
		SolutionGuid = {7F00C775-9A29-4CA4-8401-C4EC3DD9B6DD}
	EndGlobalSection
EndGlobal
