
Microsoft Visual Studio Solution File, Format Version 12.00
# Visual Studio 15
VisualStudioVersion = 15.0.28307.902
MinimumVisualStudioVersion = 10.0.40219.1
Project("{9A19103F-16F7-4668-BE54-9A1E7A4F7556}") = "ApiUtil", "ApiUtil.csproj", "{0BF941F5-2C8C-425A-9AFE-488D38A4F4F8}"
EndProject
Global
	GlobalSection(SolutionConfigurationPlatforms) = preSolution
		Debug|Any CPU = Debug|Any CPU
		Release|Any CPU = Release|Any CPU
	EndGlobalSection
	GlobalSection(ProjectConfigurationPlatforms) = postSolution
		{0BF941F5-2C8C-425A-9AFE-488D38A4F4F8}.Debug|Any CPU.ActiveCfg = Debug|Any CPU
		{0BF941F5-2C8C-425A-9AFE-488D38A4F4F8}.Debug|Any CPU.Build.0 = Debug|Any CPU
		{0BF941F5-2C8C-425A-9AFE-488D38A4F4F8}.Release|Any CPU.ActiveCfg = Release|Any CPU
		{0BF941F5-2C8C-425A-9AFE-488D38A4F4F8}.Release|Any CPU.Build.0 = Release|Any CPU
	EndGlobalSection
	GlobalSection(SolutionProperties) = preSolution
		HideSolutionNode = FALSE
	EndGlobalSection
	GlobalSection(ExtensibilityGlobals) = postSolution
		SolutionGuid = {5B1D51CD-0919-41E4-BC4A-F568B3669B08}
	EndGlobalSection
EndGlobal
