
Microsoft Visual Studio Solution File, Format Version 12.00
# Visual Studio Version 16
VisualStudioVersion = 16.0.30011.22
MinimumVisualStudioVersion = 10.0.40219.1
Project("{FAE04EC0-301F-11D3-BF4B-00C04F79EFBC}") = "CoursewareModifyTool", "CoursewareModifyTool\CoursewareModifyTool.csproj", "{72F409B0-194A-40EC-8CDE-67C27260E075}"
EndProject
Global
	GlobalSection(SolutionConfigurationPlatforms) = preSolution
		Debug|Any CPU = Debug|Any CPU
		Release|Any CPU = Release|Any CPU
	EndGlobalSection
	GlobalSection(ProjectConfigurationPlatforms) = postSolution
		{72F409B0-194A-40EC-8CDE-67C27260E075}.Debug|Any CPU.ActiveCfg = Debug|Any CPU
		{72F409B0-194A-40EC-8CDE-67C27260E075}.Debug|Any CPU.Build.0 = Debug|Any CPU
		{72F409B0-194A-40EC-8CDE-67C27260E075}.Release|Any CPU.ActiveCfg = Release|Any CPU
		{72F409B0-194A-40EC-8CDE-67C27260E075}.Release|Any CPU.Build.0 = Release|Any CPU
	EndGlobalSection
	GlobalSection(SolutionProperties) = preSolution
		HideSolutionNode = FALSE
	EndGlobalSection
	GlobalSection(ExtensibilityGlobals) = postSolution
		SolutionGuid = {F8F5D3DF-6EB6-4F28-B293-F84C17AEB9C9}
	EndGlobalSection
EndGlobal
