
Microsoft Visual Studio Solution File, Format Version 12.00
# Visual Studio 15
VisualStudioVersion = 15.0.28307.852
MinimumVisualStudioVersion = 10.0.40219.1
Project("{9A19103F-16F7-4668-BE54-9A1E7A4F7556}") = "imsmd_rootv1p2p1", "imsmd_rootv1p2p1\imsmd_rootv1p2p1.csproj", "{4B805E0F-A891-4C8B-B58D-9F9AC098992C}"
EndProject
Project("{9A19103F-16F7-4668-BE54-9A1E7A4F7556}") = "adlcp_rootv1p2", "adlcp_rootv1p2\adlcp_rootv1p2.csproj", "{339EE6B4-EA91-4A5D-9F47-B0E753376E0F}"
EndProject
Project("{9A19103F-16F7-4668-BE54-9A1E7A4F7556}") = "adlcp_v1p3", "adlcp_v1p3\adlcp_v1p3.csproj", "{2385E5C1-1061-48D8-92CA-8A3321804308}"
EndProject
Project("{9A19103F-16F7-4668-BE54-9A1E7A4F7556}") = "Altova", "Altova\Altova.csproj", "{E822B92F-7D47-4C0B-B072-B40EEA9C307C}"
EndProject
Project("{9A19103F-16F7-4668-BE54-9A1E7A4F7556}") = "imscp_rootv1p1p2", "imscp_rootv1p1p2\imscp_rootv1p1p2.csproj", "{A9541F11-5CC2-4930-9285-03B265A57FB5}"
EndProject
Global
	GlobalSection(SolutionConfigurationPlatforms) = preSolution
		Debug|Any CPU = Debug|Any CPU
		Release|Any CPU = Release|Any CPU
	EndGlobalSection
	GlobalSection(ProjectConfigurationPlatforms) = postSolution
		{4B805E0F-A891-4C8B-B58D-9F9AC098992C}.Debug|Any CPU.ActiveCfg = Debug|Any CPU
		{4B805E0F-A891-4C8B-B58D-9F9AC098992C}.Debug|Any CPU.Build.0 = Debug|Any CPU
		{4B805E0F-A891-4C8B-B58D-9F9AC098992C}.Release|Any CPU.ActiveCfg = Release|Any CPU
		{4B805E0F-A891-4C8B-B58D-9F9AC098992C}.Release|Any CPU.Build.0 = Release|Any CPU
		{339EE6B4-EA91-4A5D-9F47-B0E753376E0F}.Debug|Any CPU.ActiveCfg = Debug|Any CPU
		{339EE6B4-EA91-4A5D-9F47-B0E753376E0F}.Debug|Any CPU.Build.0 = Debug|Any CPU
		{339EE6B4-EA91-4A5D-9F47-B0E753376E0F}.Release|Any CPU.ActiveCfg = Release|Any CPU
		{339EE6B4-EA91-4A5D-9F47-B0E753376E0F}.Release|Any CPU.Build.0 = Release|Any CPU
		{2385E5C1-1061-48D8-92CA-8A3321804308}.Debug|Any CPU.ActiveCfg = Debug|Any CPU
		{2385E5C1-1061-48D8-92CA-8A3321804308}.Debug|Any CPU.Build.0 = Debug|Any CPU
		{2385E5C1-1061-48D8-92CA-8A3321804308}.Release|Any CPU.ActiveCfg = Release|Any CPU
		{2385E5C1-1061-48D8-92CA-8A3321804308}.Release|Any CPU.Build.0 = Release|Any CPU
		{E822B92F-7D47-4C0B-B072-B40EEA9C307C}.Debug|Any CPU.ActiveCfg = Debug|Any CPU
		{E822B92F-7D47-4C0B-B072-B40EEA9C307C}.Debug|Any CPU.Build.0 = Debug|Any CPU
		{E822B92F-7D47-4C0B-B072-B40EEA9C307C}.Release|Any CPU.ActiveCfg = Release|Any CPU
		{E822B92F-7D47-4C0B-B072-B40EEA9C307C}.Release|Any CPU.Build.0 = Release|Any CPU
		{A9541F11-5CC2-4930-9285-03B265A57FB5}.Debug|Any CPU.ActiveCfg = Debug|Any CPU
		{A9541F11-5CC2-4930-9285-03B265A57FB5}.Debug|Any CPU.Build.0 = Debug|Any CPU
		{A9541F11-5CC2-4930-9285-03B265A57FB5}.Release|Any CPU.ActiveCfg = Release|Any CPU
		{A9541F11-5CC2-4930-9285-03B265A57FB5}.Release|Any CPU.Build.0 = Release|Any CPU
	EndGlobalSection
	GlobalSection(SolutionProperties) = preSolution
		HideSolutionNode = FALSE
	EndGlobalSection
	GlobalSection(ExtensibilityGlobals) = postSolution
		SolutionGuid = {62D3737D-4F56-425F-A06F-655526A00C63}
	EndGlobalSection
EndGlobal
