
Microsoft Visual Studio Solution File, Format Version 12.00
# Visual Studio 15
VisualStudioVersion = 15.0.28307.757
MinimumVisualStudioVersion = 10.0.40219.1
Project("{9A19103F-16F7-4668-BE54-9A1E7A4F7556}") = "DataStatistic.API", "DataStatistic.API\DataStatistic.API.csproj", "{4F786B88-3E69-45A8-A6B4-5146C96ABA83}"
EndProject
Project("{9A19103F-16F7-4668-BE54-9A1E7A4F7556}") = "DataStatistic.BLL", "DataStatistic.BLL\DataStatistic.BLL.csproj", "{AFD91CC0-31CC-495A-9EA2-0C88137DA056}"
EndProject
Project("{FAE04EC0-301F-11D3-BF4B-00C04F79EFBC}") = "DataStatistic.Common", "DataStatistic.Common\DataStatistic.Common.csproj", "{FF33376F-AD48-47E5-895D-FF6658469CAC}"
EndProject
Global
	GlobalSection(SolutionConfigurationPlatforms) = preSolution
		Debug|Any CPU = Debug|Any CPU
		Release|Any CPU = Release|Any CPU
	EndGlobalSection
	GlobalSection(ProjectConfigurationPlatforms) = postSolution
		{4F786B88-3E69-45A8-A6B4-5146C96ABA83}.Debug|Any CPU.ActiveCfg = Debug|Any CPU
		{4F786B88-3E69-45A8-A6B4-5146C96ABA83}.Debug|Any CPU.Build.0 = Debug|Any CPU
		{4F786B88-3E69-45A8-A6B4-5146C96ABA83}.Release|Any CPU.ActiveCfg = Release|Any CPU
		{4F786B88-3E69-45A8-A6B4-5146C96ABA83}.Release|Any CPU.Build.0 = Release|Any CPU
		{AFD91CC0-31CC-495A-9EA2-0C88137DA056}.Debug|Any CPU.ActiveCfg = Debug|Any CPU
		{AFD91CC0-31CC-495A-9EA2-0C88137DA056}.Debug|Any CPU.Build.0 = Debug|Any CPU
		{AFD91CC0-31CC-495A-9EA2-0C88137DA056}.Release|Any CPU.ActiveCfg = Release|Any CPU
		{AFD91CC0-31CC-495A-9EA2-0C88137DA056}.Release|Any CPU.Build.0 = Release|Any CPU
		{FF33376F-AD48-47E5-895D-FF6658469CAC}.Debug|Any CPU.ActiveCfg = Debug|Any CPU
		{FF33376F-AD48-47E5-895D-FF6658469CAC}.Debug|Any CPU.Build.0 = Debug|Any CPU
		{FF33376F-AD48-47E5-895D-FF6658469CAC}.Release|Any CPU.ActiveCfg = Release|Any CPU
		{FF33376F-AD48-47E5-895D-FF6658469CAC}.Release|Any CPU.Build.0 = Release|Any CPU
	EndGlobalSection
	GlobalSection(SolutionProperties) = preSolution
		HideSolutionNode = FALSE
	EndGlobalSection
	GlobalSection(ExtensibilityGlobals) = postSolution
		SolutionGuid = {F0238250-6761-43E0-A5DD-DAFE9D656249}
	EndGlobalSection
EndGlobal
