
Microsoft Visual Studio Solution File, Format Version 12.00
# Visual Studio 15
VisualStudioVersion = 15.0.28307.902
MinimumVisualStudioVersion = 10.0.40219.1
Project("{FAE04EC0-301F-11D3-BF4B-00C04F79EFBC}") = "TrainTaskBus.Api", "TrainTaskBus.Api\TrainTaskBus.Api.csproj", "{EB30B04A-D5A4-4C02-90EB-9CB7D5C7B5CC}"
EndProject
Global
	GlobalSection(SolutionConfigurationPlatforms) = preSolution
		Debug|Any CPU = Debug|Any CPU
		Release|Any CPU = Release|Any CPU
	EndGlobalSection
	GlobalSection(ProjectConfigurationPlatforms) = postSolution
		{EB30B04A-D5A4-4C02-90EB-9CB7D5C7B5CC}.Debug|Any CPU.ActiveCfg = Debug|Any CPU
		{EB30B04A-D5A4-4C02-90EB-9CB7D5C7B5CC}.Debug|Any CPU.Build.0 = Debug|Any CPU
		{EB30B04A-D5A4-4C02-90EB-9CB7D5C7B5CC}.Release|Any CPU.ActiveCfg = Release|Any CPU
		{EB30B04A-D5A4-4C02-90EB-9CB7D5C7B5CC}.Release|Any CPU.Build.0 = Release|Any CPU
	EndGlobalSection
	GlobalSection(SolutionProperties) = preSolution
		HideSolutionNode = FALSE
	EndGlobalSection
	GlobalSection(ExtensibilityGlobals) = postSolution
		SolutionGuid = {AC6195B3-A1BE-4EFB-B2C7-8AF8AB34D644}
	EndGlobalSection
EndGlobal
