
Microsoft Visual Studio Solution File, Format Version 12.00
# Visual Studio 15
VisualStudioVersion = 15.0.28307.757
MinimumVisualStudioVersion = 10.0.40219.1
Project("{9A19103F-16F7-4668-BE54-9A1E7A4F7556}") = "PaperQuestions.API", "PaperQuestions.API\PaperQuestions.API.csproj", "{1036007D-02DA-415F-A5A1-7361A9612625}"
EndProject
Project("{9A19103F-16F7-4668-BE54-9A1E7A4F7556}") = "PaperQuestions.BLL", "PaperQuestions.BLL\PaperQuestions.BLL.csproj", "{DF256991-2BBF-41E6-BF4C-64432301FDC1}"
EndProject
Project("{FAE04EC0-301F-11D3-BF4B-00C04F79EFBC}") = "PaperQuestions.Common", "PaperQuestions.Common\PaperQuestions.Common.csproj", "{3F1AAF74-1B6D-4209-8C55-26806FC5F100}"
EndProject
Global
	GlobalSection(SolutionConfigurationPlatforms) = preSolution
		Debug|Any CPU = Debug|Any CPU
		Release|Any CPU = Release|Any CPU
	EndGlobalSection
	GlobalSection(ProjectConfigurationPlatforms) = postSolution
		{1036007D-02DA-415F-A5A1-7361A9612625}.Debug|Any CPU.ActiveCfg = Debug|Any CPU
		{1036007D-02DA-415F-A5A1-7361A9612625}.Debug|Any CPU.Build.0 = Debug|Any CPU
		{1036007D-02DA-415F-A5A1-7361A9612625}.Release|Any CPU.ActiveCfg = Release|Any CPU
		{1036007D-02DA-415F-A5A1-7361A9612625}.Release|Any CPU.Build.0 = Release|Any CPU
		{DF256991-2BBF-41E6-BF4C-64432301FDC1}.Debug|Any CPU.ActiveCfg = Debug|Any CPU
		{DF256991-2BBF-41E6-BF4C-64432301FDC1}.Debug|Any CPU.Build.0 = Debug|Any CPU
		{DF256991-2BBF-41E6-BF4C-64432301FDC1}.Release|Any CPU.ActiveCfg = Release|Any CPU
		{DF256991-2BBF-41E6-BF4C-64432301FDC1}.Release|Any CPU.Build.0 = Release|Any CPU
		{3F1AAF74-1B6D-4209-8C55-26806FC5F100}.Debug|Any CPU.ActiveCfg = Debug|Any CPU
		{3F1AAF74-1B6D-4209-8C55-26806FC5F100}.Debug|Any CPU.Build.0 = Debug|Any CPU
		{3F1AAF74-1B6D-4209-8C55-26806FC5F100}.Release|Any CPU.ActiveCfg = Release|Any CPU
		{3F1AAF74-1B6D-4209-8C55-26806FC5F100}.Release|Any CPU.Build.0 = Release|Any CPU
	EndGlobalSection
	GlobalSection(SolutionProperties) = preSolution
		HideSolutionNode = FALSE
	EndGlobalSection
	GlobalSection(ExtensibilityGlobals) = postSolution
		SolutionGuid = {01AF3154-99FF-4EDB-ABF4-8115BA82903D}
	EndGlobalSection
EndGlobal
